github.com/cespare/xxhash/v2 v2.2.0 h1:DC2OnBfQ9lrVjFaAh4ZixuyOuQLv3V5tQ2xkqM4fvQ=
github.com/cespare/xxhash/v2 v2.2.0/go.mod h1:VGX0DQ3Q6Gm03FstpXMLSLycSnqVnVJ6xMhlhuZLkc=
github.com/dgryski/go-rendezvous v0.0.0-20200823014737-9f7001d12a5f h1:lO4WD4F/rVNCu3rVIRstIV/c2XVAOlYeB9OxeY/fsQ=
github.com/dgryski/go-rendezvous v0.0.0-20200823014737-9f7001d12a5f/go.mod h1:cuUVRXasLTGVI5PUL45V6LADS/gobc/QqDtlGwruid4=
github.com/klauspost/compress v1.17.0 h1:Rnbphysf2IjheusstpxZsq76q5NRdiSjwStInnuxQQ=
github.com/klauspost/compress v1.17.0/go.mod h1:ntbWvNcqzf0LG7z9u9cSD8EOMvwxMLLuWFxrFk2hqw=
github.com/lib/pq v1.10.9 h1:YXG7RB+JIjhP29X+OtkiDnLaKQRXXEnCEF0ufHlCI0=
github.com/lib/pq v1.10.9/go.mod h1:AlVN5x4E4xjy2trCQQB6LWIfTJuhwuphe5v41elLpA=
github.com/minio/highwayhash v1.0.2 h1:Aak5U0nEKc1mCqrlAZ/bjQtgkuC6djdu3Dt/MPNDbc=
github.com/minio/highwayhash v1.0.2/go.mod h1:jy3NFaYZSnqjM+RcJrf1io3odE8tr3xM3mHNjtouog=
github.com/nats-io/jwt/v2 v2.5.0 h1:7NbKELJAWMdqhB9j6pv+oDSCNI/5FhN2NaYIu3ibQw=
github.com/nats-io/jwt/v2 v2.5.0/go.mod h1:Bg9BjKC8L5+isoOY2pzx1VV0oHM9S4ub7U7lOC2gFU=
github.com/nats-io/nats.go v1.31.0 h1:FcI+0ZYisElmwkl2ctDT1xf0D+lJ+4N2bOTnZua0KE=
github.com/nats-io/nats.go v1.31.0/go.mod h1:di3Bm5MLsoB4Bx61Iv2cwQyXwcHeV+98pl36B+6TA=
github.com/nats-io/nkeys v0.4.5 h1:Cx2OfVBNHcqzkNEQceoyUCHAq4Jq63LvwWt4p+Ib6o=
github.com/nats-io/nkeys v0.4.5/go.mod h1:XUkxdLSrPRM7sEBZLvECSvQ8S3Vik3jRXix93zDEKc=
github.com/nats-io/nuid v1.0.1 h1:5iA8DT8V7q8WK2EScv2kemVmLsqA6tacBmNik7p1L0=
github.com/nats-io/nuid v1.0.1/go.mod h1:19wcPz3Ph3E051metNlm0ecL/QWDccggqQ/b8eYbQ=
github.com/redis/go-redis/v9 v9.2.1 h1:WlYJg71ODF0dVspZZCpYmoItnnSrs+kGyocBes/A/w=
github.com/redis/go-redis/v9 v9.2.1/go.mod h1:hdY0cQFCN4fnSYBcV2sCIiOiBpMS6cJJ4A2xwQkjkY=
golang.org/x/crypto v0.16.0 h1:mMMrFzRSCF0GvB7Ne27XVtVAaXLrPmgPC7/v0tkwHY=
golang.org/x/crypto v0.16.0/go.mod h1:gCAAfMLgwOJRpTjQ2zCCt2OcSfYMTeZVSRtQlPC7Nw=
golang.org/x/sys v0.15.0 h1:frVn1UZS6DlwKX00zs/vmk9sNuMso2snLApyED6Post=
golang.org/x/sys v0.15.0/go.mod h1:/VUhepiaJMQUp4+oa/7Zr3d5URroMl6f0EsxvbZDaQ=
